// !$*UTF8*$!
{
	archiveVersion = 1;
	classes = {
	};
	objectVersion = 51;
	objects = {

/* Begin PBXBuildFile section */
		0B5C61052603D3C3005C6FB3 /* AppDelegate.swift in Sources */ = {isa = PBXBuildFile; fileRef = 0B5C61042603D3C3005C6FB3 /* AppDelegate.swift */; };
		0B5C61072603D3C3005C6FB3 /* SceneDelegate.swift in Sources */ = {isa = PBXBuildFile; fileRef = 0B5C61062603D3C3005C6FB3 /* SceneDelegate.swift */; };
		0B5C61092603D3C3005C6FB3 /* AddTaskViewController.swift in Sources */ = {isa = PBXBuildFile; fileRef = 0B5C61082603D3C3005C6FB3 /* AddTaskViewController.swift */; };
		0B5C610E2603D3C6005C6FB3 /* Assets.xcassets in Resources */ = {isa = PBXBuildFile; fileRef = 0B5C610D2603D3C6005C6FB3 /* Assets.xcassets */; };
		0B5C61112603D3C6005C6FB3 /* LaunchScreen.storyboard in Resources */ = {isa = PBXBuildFile; fileRef = 0B5C610F2603D3C6005C6FB3 /* LaunchScreen.storyboard */; };
		0B5C611C2603D3C6005C6FB3 /* iOSPraticalTests.swift in Sources */ = {isa = PBXBuildFile; fileRef = 0B5C611B2603D3C6005C6FB3 /* iOSPraticalTests.swift */; };
		0B5C61272603D3C7005C6FB3 /* iOSPraticalUITests.swift in Sources */ = {isa = PBXBuildFile; fileRef = 0B5C61262603D3C7005C6FB3 /* iOSPraticalUITests.swift */; };
		0B5C613C2603D46A005C6FB3 /* TaskListViewController.swift in Sources */ = {isa = PBXBuildFile; fileRef = 0B5C613B2603D46A005C6FB3 /* TaskListViewController.swift */; };
		0B5DAF54260D0F80006945DD /* TaskTableViewCell.swift in Sources */ = {isa = PBXBuildFile; fileRef = 0B5DAF53260D0F80006945DD /* TaskTableViewCell.swift */; };
		35E778C22628C22D000CB434 /* CellViewModel.swift in Sources */ = {isa = PBXBuildFile; fileRef = 35E778C12628C22D000CB434 /* CellViewModel.swift */; };
		441DF9132656E35500CE017B /* AddTaskViewModelTests.swift in Sources */ = {isa = PBXBuildFile; fileRef = 441DF9122656E35500CE017B /* AddTaskViewModelTests.swift */; };
		44926BEC26601BBB003B8535 /* TaskListViewModelTests.swift in Sources */ = {isa = PBXBuildFile; fileRef = 44926BEB26601BBB003B8535 /* TaskListViewModelTests.swift */; };
		626DF6EDD779E1C591582C8F /* Pods_iOSPraticalTests.framework in Frameworks */ = {isa = PBXBuildFile; fileRef = B27FE738251E2BFC75C3CAE7 /* Pods_iOSPraticalTests.framework */; };
		919F1FCF264DAABD0004F5C4 /* TDColors.swift in Sources */ = {isa = PBXBuildFile; fileRef = 919F1FCE264DAABD0004F5C4 /* TDColors.swift */; };
		91ADC5CE26442B7600DEE9F5 /* Typealias.swift in Sources */ = {isa = PBXBuildFile; fileRef = 91ADC5CD26442B7600DEE9F5 /* Typealias.swift */; };
		91F06990263B4FF400B624ED /* TaskListServiceProtocol.swift in Sources */ = {isa = PBXBuildFile; fileRef = 91F0698F263B4FF400B624ED /* TaskListServiceProtocol.swift */; };
		93207FB4261F82EA00178597 /* TaskListViewModel.swift in Sources */ = {isa = PBXBuildFile; fileRef = 93207FB3261F82EA00178597 /* TaskListViewModel.swift */; };
		93207FB9261F834200178597 /* Task.swift in Sources */ = {isa = PBXBuildFile; fileRef = 93207FB8261F834200178597 /* Task.swift */; };
		9A286DB3FE1722C704CFDB24 /* Pods_iOSPratical.framework in Frameworks */ = {isa = PBXBuildFile; fileRef = D0CE99413B189F46D0B1C014 /* Pods_iOSPratical.framework */; };
		A03423B2262F2253007A55D6 /* Questions.md in Resources */ = {isa = PBXBuildFile; fileRef = A03423B1262F2253007A55D6 /* Questions.md */; };
		A03423BB262F3871007A55D6 /* AddTaskCoordinator.swift in Sources */ = {isa = PBXBuildFile; fileRef = A03423BA262F3871007A55D6 /* AddTaskCoordinator.swift */; };
		A03423C6262F38C6007A55D6 /* AddTaskViewModel.swift in Sources */ = {isa = PBXBuildFile; fileRef = A03423C5262F38C6007A55D6 /* AddTaskViewModel.swift */; };
		A0443969262A1CB4002167DF /* TaskListService.swift in Sources */ = {isa = PBXBuildFile; fileRef = A0443968262A1CB4002167DF /* TaskListService.swift */; };
		A044397D262A21F2002167DF /* tasks.json in Resources */ = {isa = PBXBuildFile; fileRef = A044397C262A21F2002167DF /* tasks.json */; };
		A053B720262E0F1800114BFA /* Colors.swift in Sources */ = {isa = PBXBuildFile; fileRef = A053B71F262E0F1800114BFA /* Colors.swift */; };
		A053B725262E179900114BFA /* Coordinator.swift in Sources */ = {isa = PBXBuildFile; fileRef = A053B724262E179900114BFA /* Coordinator.swift */; };
		A053B72A262E192F00114BFA /* TaskListCoordinator.swift in Sources */ = {isa = PBXBuildFile; fileRef = A053B729262E192F00114BFA /* TaskListCoordinator.swift */; };
		C00627E9DC2131F956B29F71 /* Pods_iOSPratical_iOSPraticalUITests.framework in Frameworks */ = {isa = PBXBuildFile; fileRef = 6C992363BCA1DD8EA22CB2EC /* Pods_iOSPratical_iOSPraticalUITests.framework */; };
/* End PBXBuildFile section */

/* Begin PBXContainerItemProxy section */
		0B5C61182603D3C6005C6FB3 /* PBXContainerItemProxy */ = {
			isa = PBXContainerItemProxy;
			containerPortal = 0B5C60F92603D3C3005C6FB3 /* Project object */;
			proxyType = 1;
			remoteGlobalIDString = 0B5C61002603D3C3005C6FB3;
			remoteInfo = iOSPratical;
		};
		0B5C61232603D3C6005C6FB3 /* PBXContainerItemProxy */ = {
			isa = PBXContainerItemProxy;
			containerPortal = 0B5C60F92603D3C3005C6FB3 /* Project object */;
			proxyType = 1;
			remoteGlobalIDString = 0B5C61002603D3C3005C6FB3;
			remoteInfo = iOSPratical;
		};
/* End PBXContainerItemProxy section */

/* Begin PBXFileReference section */
		026DB01AC99AB437C43C7E63 /* Pods-iOSPraticalTests.debug.xcconfig */ = {isa = PBXFileReference; includeInIndex = 1; lastKnownFileType = text.xcconfig; name = "Pods-iOSPraticalTests.debug.xcconfig"; path = "Target Support Files/Pods-iOSPraticalTests/Pods-iOSPraticalTests.debug.xcconfig"; sourceTree = "<group>"; };
		048481250DD1ED4C282DCECD /* Pods-iOSPratical.debug.xcconfig */ = {isa = PBXFileReference; includeInIndex = 1; lastKnownFileType = text.xcconfig; name = "Pods-iOSPratical.debug.xcconfig"; path = "Target Support Files/Pods-iOSPratical/Pods-iOSPratical.debug.xcconfig"; sourceTree = "<group>"; };
		06DE4555625C7B2D189C3F29 /* Pods-iOSPratical-iOSPraticalUITests.debug.xcconfig */ = {isa = PBXFileReference; includeInIndex = 1; lastKnownFileType = text.xcconfig; name = "Pods-iOSPratical-iOSPraticalUITests.debug.xcconfig"; path = "Target Support Files/Pods-iOSPratical-iOSPraticalUITests/Pods-iOSPratical-iOSPraticalUITests.debug.xcconfig"; sourceTree = "<group>"; };
		0B5C61012603D3C3005C6FB3 /* iOSPratical.app */ = {isa = PBXFileReference; explicitFileType = wrapper.application; includeInIndex = 0; path = iOSPratical.app; sourceTree = BUILT_PRODUCTS_DIR; };
		0B5C61042603D3C3005C6FB3 /* AppDelegate.swift */ = {isa = PBXFileReference; lastKnownFileType = sourcecode.swift; path = AppDelegate.swift; sourceTree = "<group>"; };
		0B5C61062603D3C3005C6FB3 /* SceneDelegate.swift */ = {isa = PBXFileReference; lastKnownFileType = sourcecode.swift; path = SceneDelegate.swift; sourceTree = "<group>"; };
		0B5C61082603D3C3005C6FB3 /* AddTaskViewController.swift */ = {isa = PBXFileReference; lastKnownFileType = sourcecode.swift; path = AddTaskViewController.swift; sourceTree = "<group>"; };
		0B5C610D2603D3C6005C6FB3 /* Assets.xcassets */ = {isa = PBXFileReference; lastKnownFileType = folder.assetcatalog; path = Assets.xcassets; sourceTree = "<group>"; };
		0B5C61102603D3C6005C6FB3 /* Base */ = {isa = PBXFileReference; lastKnownFileType = file.storyboard; name = Base; path = Base.lproj/LaunchScreen.storyboard; sourceTree = "<group>"; };
		0B5C61122603D3C6005C6FB3 /* Info.plist */ = {isa = PBXFileReference; lastKnownFileType = text.plist.xml; path = Info.plist; sourceTree = "<group>"; };
		0B5C61172603D3C6005C6FB3 /* iOSPraticalTests.xctest */ = {isa = PBXFileReference; explicitFileType = wrapper.cfbundle; includeInIndex = 0; path = iOSPraticalTests.xctest; sourceTree = BUILT_PRODUCTS_DIR; };
		0B5C611B2603D3C6005C6FB3 /* iOSPraticalTests.swift */ = {isa = PBXFileReference; lastKnownFileType = sourcecode.swift; path = iOSPraticalTests.swift; sourceTree = "<group>"; };
		0B5C611D2603D3C6005C6FB3 /* Info.plist */ = {isa = PBXFileReference; lastKnownFileType = text.plist.xml; path = Info.plist; sourceTree = "<group>"; };
		0B5C61222603D3C6005C6FB3 /* iOSPraticalUITests.xctest */ = {isa = PBXFileReference; explicitFileType = wrapper.cfbundle; includeInIndex = 0; path = iOSPraticalUITests.xctest; sourceTree = BUILT_PRODUCTS_DIR; };
		0B5C61262603D3C7005C6FB3 /* iOSPraticalUITests.swift */ = {isa = PBXFileReference; lastKnownFileType = sourcecode.swift; path = iOSPraticalUITests.swift; sourceTree = "<group>"; };
		0B5C61282603D3C7005C6FB3 /* Info.plist */ = {isa = PBXFileReference; lastKnownFileType = text.plist.xml; path = Info.plist; sourceTree = "<group>"; };
		0B5C613B2603D46A005C6FB3 /* TaskListViewController.swift */ = {isa = PBXFileReference; lastKnownFileType = sourcecode.swift; path = TaskListViewController.swift; sourceTree = "<group>"; };
		0B5DAF53260D0F80006945DD /* TaskTableViewCell.swift */ = {isa = PBXFileReference; lastKnownFileType = sourcecode.swift; path = TaskTableViewCell.swift; sourceTree = "<group>"; };
		35E778C12628C22D000CB434 /* CellViewModel.swift */ = {isa = PBXFileReference; lastKnownFileType = sourcecode.swift; path = CellViewModel.swift; sourceTree = "<group>"; };
		3A33A75241E9F15F2A7BD14B /* Pods-iOSPraticalTests.release.xcconfig */ = {isa = PBXFileReference; includeInIndex = 1; lastKnownFileType = text.xcconfig; name = "Pods-iOSPraticalTests.release.xcconfig"; path = "Target Support Files/Pods-iOSPraticalTests/Pods-iOSPraticalTests.release.xcconfig"; sourceTree = "<group>"; };
		441DF9122656E35500CE017B /* AddTaskViewModelTests.swift */ = {isa = PBXFileReference; lastKnownFileType = sourcecode.swift; path = AddTaskViewModelTests.swift; sourceTree = "<group>"; };
		44926BEB26601BBB003B8535 /* TaskListViewModelTests.swift */ = {isa = PBXFileReference; lastKnownFileType = sourcecode.swift; path = TaskListViewModelTests.swift; sourceTree = "<group>"; };
		6C992363BCA1DD8EA22CB2EC /* Pods_iOSPratical_iOSPraticalUITests.framework */ = {isa = PBXFileReference; explicitFileType = wrapper.framework; includeInIndex = 0; path = Pods_iOSPratical_iOSPraticalUITests.framework; sourceTree = BUILT_PRODUCTS_DIR; };
		7274A32C4AE42F14EFC3DEDF /* Pods-iOSPratical-iOSPraticalUITests.release.xcconfig */ = {isa = PBXFileReference; includeInIndex = 1; lastKnownFileType = text.xcconfig; name = "Pods-iOSPratical-iOSPraticalUITests.release.xcconfig"; path = "Target Support Files/Pods-iOSPratical-iOSPraticalUITests/Pods-iOSPratical-iOSPraticalUITests.release.xcconfig"; sourceTree = "<group>"; };
		919F1FCE264DAABD0004F5C4 /* TDColors.swift */ = {isa = PBXFileReference; lastKnownFileType = sourcecode.swift; path = TDColors.swift; sourceTree = "<group>"; };
		91ADC5CD26442B7600DEE9F5 /* Typealias.swift */ = {isa = PBXFileReference; lastKnownFileType = sourcecode.swift; path = Typealias.swift; sourceTree = "<group>"; };
		91F0698F263B4FF400B624ED /* TaskListServiceProtocol.swift */ = {isa = PBXFileReference; lastKnownFileType = sourcecode.swift; path = TaskListServiceProtocol.swift; sourceTree = "<group>"; };
		93207FB3261F82EA00178597 /* TaskListViewModel.swift */ = {isa = PBXFileReference; lastKnownFileType = sourcecode.swift; path = TaskListViewModel.swift; sourceTree = "<group>"; };
		93207FB8261F834200178597 /* Task.swift */ = {isa = PBXFileReference; lastKnownFileType = sourcecode.swift; path = Task.swift; sourceTree = "<group>"; };
		A03423B1262F2253007A55D6 /* Questions.md */ = {isa = PBXFileReference; lastKnownFileType = net.daringfireball.markdown; path = Questions.md; sourceTree = "<group>"; };
		A03423BA262F3871007A55D6 /* AddTaskCoordinator.swift */ = {isa = PBXFileReference; lastKnownFileType = sourcecode.swift; path = AddTaskCoordinator.swift; sourceTree = "<group>"; };
		A03423C5262F38C6007A55D6 /* AddTaskViewModel.swift */ = {isa = PBXFileReference; lastKnownFileType = sourcecode.swift; path = AddTaskViewModel.swift; sourceTree = "<group>"; };
		A0443968262A1CB4002167DF /* TaskListService.swift */ = {isa = PBXFileReference; lastKnownFileType = sourcecode.swift; path = TaskListService.swift; sourceTree = "<group>"; };
		A044397C262A21F2002167DF /* tasks.json */ = {isa = PBXFileReference; fileEncoding = 4; lastKnownFileType = text.json; path = tasks.json; sourceTree = "<group>"; };
		A053B71F262E0F1800114BFA /* Colors.swift */ = {isa = PBXFileReference; lastKnownFileType = sourcecode.swift; path = Colors.swift; sourceTree = "<group>"; };
		A053B724262E179900114BFA /* Coordinator.swift */ = {isa = PBXFileReference; lastKnownFileType = sourcecode.swift; path = Coordinator.swift; sourceTree = "<group>"; };
		A053B729262E192F00114BFA /* TaskListCoordinator.swift */ = {isa = PBXFileReference; lastKnownFileType = sourcecode.swift; path = TaskListCoordinator.swift; sourceTree = "<group>"; };
		A0DF54392F5B5B1D2DAF7007 /* Pods-iOSPratical.release.xcconfig */ = {isa = PBXFileReference; includeInIndex = 1; lastKnownFileType = text.xcconfig; name = "Pods-iOSPratical.release.xcconfig"; path = "Target Support Files/Pods-iOSPratical/Pods-iOSPratical.release.xcconfig"; sourceTree = "<group>"; };
		B27FE738251E2BFC75C3CAE7 /* Pods_iOSPraticalTests.framework */ = {isa = PBXFileReference; explicitFileType = wrapper.framework; includeInIndex = 0; path = Pods_iOSPraticalTests.framework; sourceTree = BUILT_PRODUCTS_DIR; };
		D0CE99413B189F46D0B1C014 /* Pods_iOSPratical.framework */ = {isa = PBXFileReference; explicitFileType = wrapper.framework; includeInIndex = 0; path = Pods_iOSPratical.framework; sourceTree = BUILT_PRODUCTS_DIR; };
/* End PBXFileReference section */

/* Begin PBXFrameworksBuildPhase section */
		0B5C60FE2603D3C3005C6FB3 /* Frameworks */ = {
			isa = PBXFrameworksBuildPhase;
			buildActionMask = 2147483647;
			files = (
				9A286DB3FE1722C704CFDB24 /* Pods_iOSPratical.framework in Frameworks */,
			);
			runOnlyForDeploymentPostprocessing = 0;
		};
		0B5C61142603D3C6005C6FB3 /* Frameworks */ = {
			isa = PBXFrameworksBuildPhase;
			buildActionMask = 2147483647;
			files = (
				626DF6EDD779E1C591582C8F /* Pods_iOSPraticalTests.framework in Frameworks */,
			);
			runOnlyForDeploymentPostprocessing = 0;
		};
		0B5C611F2603D3C6005C6FB3 /* Frameworks */ = {
			isa = PBXFrameworksBuildPhase;
			buildActionMask = 2147483647;
			files = (
				C00627E9DC2131F956B29F71 /* Pods_iOSPratical_iOSPraticalUITests.framework in Frameworks */,
			);
			runOnlyForDeploymentPostprocessing = 0;
		};
/* End PBXFrameworksBuildPhase section */

/* Begin PBXGroup section */
		0B5C60F82603D3C3005C6FB3 = {
			isa = PBXGroup;
			children = (
				0B5C61032603D3C3005C6FB3 /* iOSPratical */,
				0B5C611A2603D3C6005C6FB3 /* iOSPraticalTests */,
				0B5C61252603D3C6005C6FB3 /* iOSPraticalUITests */,
				0B5C61022603D3C3005C6FB3 /* Products */,
				0B94244B97E0B2AEEE39B811 /* Pods */,
				B0538E8486B5937A1296C5C1 /* Frameworks */,
			);
			sourceTree = "<group>";
		};
		0B5C61022603D3C3005C6FB3 /* Products */ = {
			isa = PBXGroup;
			children = (
				0B5C61012603D3C3005C6FB3 /* iOSPratical.app */,
				0B5C61172603D3C6005C6FB3 /* iOSPraticalTests.xctest */,
				0B5C61222603D3C6005C6FB3 /* iOSPraticalUITests.xctest */,
			);
			name = Products;
			sourceTree = "<group>";
		};
		0B5C61032603D3C3005C6FB3 /* iOSPratical */ = {
			isa = PBXGroup;
			children = (
				A03423B1262F2253007A55D6 /* Questions.md */,
				A053B71E262E0F0A00114BFA /* Extensions */,
				91F06994263B509100B624ED /* Features */,
				0B5C61042603D3C3005C6FB3 /* AppDelegate.swift */,
				0B5C61062603D3C3005C6FB3 /* SceneDelegate.swift */,
				0B5C610D2603D3C6005C6FB3 /* Assets.xcassets */,
				0B5C610F2603D3C6005C6FB3 /* LaunchScreen.storyboard */,
				A044397C262A21F2002167DF /* tasks.json */,
				0B5C61122603D3C6005C6FB3 /* Info.plist */,
				A053B724262E179900114BFA /* Coordinator.swift */,
				91ADC5CD26442B7600DEE9F5 /* Typealias.swift */,
				919F1FCE264DAABD0004F5C4 /* TDColors.swift */,
			);
			path = iOSPratical;
			sourceTree = "<group>";
		};
		0B5C611A2603D3C6005C6FB3 /* iOSPraticalTests */ = {
			isa = PBXGroup;
			children = (
				441DF9102656E30500CE017B /* Features */,
				0B5C611B2603D3C6005C6FB3 /* iOSPraticalTests.swift */,
				0B5C611D2603D3C6005C6FB3 /* Info.plist */,
			);
			path = iOSPraticalTests;
			sourceTree = "<group>";
		};
		0B5C61252603D3C6005C6FB3 /* iOSPraticalUITests */ = {
			isa = PBXGroup;
			children = (
				0B5C61262603D3C7005C6FB3 /* iOSPraticalUITests.swift */,
				0B5C61282603D3C7005C6FB3 /* Info.plist */,
			);
			path = iOSPraticalUITests;
			sourceTree = "<group>";
		};
		0B5C613A2603D44B005C6FB3 /* TaskList */ = {
			isa = PBXGroup;
			children = (
				91F06993263B506C00B624ED /* Coordinator */,
				91F0698D263B4F9B00B624ED /* Model */,
				91F06992263B503F00B624ED /* View */,
				91F06991263B503700B624ED /* ViewModel */,
				91F0698E263B4FC000B624ED /* Service */,
			);
			path = TaskList;
			sourceTree = "<group>";
		};
		0B94244B97E0B2AEEE39B811 /* Pods */ = {
			isa = PBXGroup;
			children = (
				048481250DD1ED4C282DCECD /* Pods-iOSPratical.debug.xcconfig */,
				A0DF54392F5B5B1D2DAF7007 /* Pods-iOSPratical.release.xcconfig */,
				06DE4555625C7B2D189C3F29 /* Pods-iOSPratical-iOSPraticalUITests.debug.xcconfig */,
				7274A32C4AE42F14EFC3DEDF /* Pods-iOSPratical-iOSPraticalUITests.release.xcconfig */,
				026DB01AC99AB437C43C7E63 /* Pods-iOSPraticalTests.debug.xcconfig */,
				3A33A75241E9F15F2A7BD14B /* Pods-iOSPraticalTests.release.xcconfig */,
			);
			path = Pods;
			sourceTree = "<group>";
		};
		441DF9102656E30500CE017B /* Features */ = {
			isa = PBXGroup;
			children = (
				441DF9112656E30A00CE017B /* AddTask */,
			);
			path = Features;
			sourceTree = "<group>";
		};
		441DF9112656E30A00CE017B /* AddTask */ = {
			isa = PBXGroup;
			children = (
				441DF9122656E35500CE017B /* AddTaskViewModelTests.swift */,
				44926BEB26601BBB003B8535 /* TaskListViewModelTests.swift */,
			);
			path = AddTask;
			sourceTree = "<group>";
		};
		91F0698D263B4F9B00B624ED /* Model */ = {
			isa = PBXGroup;
			children = (
				93207FB8261F834200178597 /* Task.swift */,
			);
			path = Model;
			sourceTree = "<group>";
		};
		91F0698E263B4FC000B624ED /* Service */ = {
			isa = PBXGroup;
			children = (
				A0443968262A1CB4002167DF /* TaskListService.swift */,
				91F0698F263B4FF400B624ED /* TaskListServiceProtocol.swift */,
			);
			path = Service;
			sourceTree = "<group>";
		};
		91F06991263B503700B624ED /* ViewModel */ = {
			isa = PBXGroup;
			children = (
				35E778C12628C22D000CB434 /* CellViewModel.swift */,
				93207FB3261F82EA00178597 /* TaskListViewModel.swift */,
			);
			path = ViewModel;
			sourceTree = "<group>";
		};
		91F06992263B503F00B624ED /* View */ = {
			isa = PBXGroup;
			children = (
				0B5C613B2603D46A005C6FB3 /* TaskListViewController.swift */,
				0B5DAF53260D0F80006945DD /* TaskTableViewCell.swift */,
			);
			path = View;
			sourceTree = "<group>";
		};
		91F06993263B506C00B624ED /* Coordinator */ = {
			isa = PBXGroup;
			children = (
				A053B729262E192F00114BFA /* TaskListCoordinator.swift */,
			);
			path = Coordinator;
			sourceTree = "<group>";
		};
		91F06994263B509100B624ED /* Features */ = {
			isa = PBXGroup;
			children = (
				0B5C613A2603D44B005C6FB3 /* TaskList */,
				A03423B9262F3857007A55D6 /* AddTask */,
			);
			path = Features;
			sourceTree = "<group>";
		};
		91F06995263B50CA00B624ED /* View */ = {
			isa = PBXGroup;
			children = (
				0B5C61082603D3C3005C6FB3 /* AddTaskViewController.swift */,
			);
			path = View;
			sourceTree = "<group>";
		};
		91F06996263B50D300B624ED /* Coordinator */ = {
			isa = PBXGroup;
			children = (
				A03423BA262F3871007A55D6 /* AddTaskCoordinator.swift */,
			);
			path = Coordinator;
			sourceTree = "<group>";
		};
		91F06997263B50EB00B624ED /* ViewModel */ = {
			isa = PBXGroup;
			children = (
				A03423C5262F38C6007A55D6 /* AddTaskViewModel.swift */,
			);
			path = ViewModel;
			sourceTree = "<group>";
		};
		A03423B9262F3857007A55D6 /* AddTask */ = {
			isa = PBXGroup;
			children = (
				91F06996263B50D300B624ED /* Coordinator */,
				91F06995263B50CA00B624ED /* View */,
				91F06997263B50EB00B624ED /* ViewModel */,
			);
			path = AddTask;
			sourceTree = "<group>";
		};
		A053B71E262E0F0A00114BFA /* Extensions */ = {
			isa = PBXGroup;
			children = (
				A053B71F262E0F1800114BFA /* Colors.swift */,
			);
			path = Extensions;
			sourceTree = "<group>";
		};
		B0538E8486B5937A1296C5C1 /* Frameworks */ = {
			isa = PBXGroup;
			children = (
				D0CE99413B189F46D0B1C014 /* Pods_iOSPratical.framework */,
				6C992363BCA1DD8EA22CB2EC /* Pods_iOSPratical_iOSPraticalUITests.framework */,
				B27FE738251E2BFC75C3CAE7 /* Pods_iOSPraticalTests.framework */,
			);
			name = Frameworks;
			sourceTree = "<group>";
		};
/* End PBXGroup section */

/* Begin PBXNativeTarget section */
		0B5C61002603D3C3005C6FB3 /* iOSPratical */ = {
			isa = PBXNativeTarget;
			buildConfigurationList = 0B5C612B2603D3C7005C6FB3 /* Build configuration list for PBXNativeTarget "iOSPratical" */;
			buildPhases = (
				824289AC307F6F11E5E22129 /* [CP] Check Pods Manifest.lock */,
				0B5C60FD2603D3C3005C6FB3 /* Sources */,
				0B5C60FE2603D3C3005C6FB3 /* Frameworks */,
				0B5C60FF2603D3C3005C6FB3 /* Resources */,
				0A5EB2950E286AEE1E92A296 /* [CP] Embed Pods Frameworks */,
			);
			buildRules = (
			);
			dependencies = (
			);
			name = iOSPratical;
			productName = iOSPratical;
			productReference = 0B5C61012603D3C3005C6FB3 /* iOSPratical.app */;
			productType = "com.apple.product-type.application";
		};
		0B5C61162603D3C6005C6FB3 /* iOSPraticalTests */ = {
			isa = PBXNativeTarget;
			buildConfigurationList = 0B5C612E2603D3C7005C6FB3 /* Build configuration list for PBXNativeTarget "iOSPraticalTests" */;
			buildPhases = (
				8773F7E8FA09398BDAB072E8 /* [CP] Check Pods Manifest.lock */,
				0B5C61132603D3C6005C6FB3 /* Sources */,
				0B5C61142603D3C6005C6FB3 /* Frameworks */,
				0B5C61152603D3C6005C6FB3 /* Resources */,
				DB1A46CB794E1A56980FF27F /* [CP] Embed Pods Frameworks */,
			);
			buildRules = (
			);
			dependencies = (
				0B5C61192603D3C6005C6FB3 /* PBXTargetDependency */,
			);
			name = iOSPraticalTests;
			productName = iOSPraticalTests;
			productReference = 0B5C61172603D3C6005C6FB3 /* iOSPraticalTests.xctest */;
			productType = "com.apple.product-type.bundle.unit-test";
		};
		0B5C61212603D3C6005C6FB3 /* iOSPraticalUITests */ = {
			isa = PBXNativeTarget;
			buildConfigurationList = 0B5C61312603D3C7005C6FB3 /* Build configuration list for PBXNativeTarget "iOSPraticalUITests" */;
			buildPhases = (
				F5014F6A10F48D040C48B618 /* [CP] Check Pods Manifest.lock */,
				0B5C611E2603D3C6005C6FB3 /* Sources */,
				0B5C611F2603D3C6005C6FB3 /* Frameworks */,
				0B5C61202603D3C6005C6FB3 /* Resources */,
				06C05403192691E2EBC769F9 /* [CP] Embed Pods Frameworks */,
			);
			buildRules = (
			);
			dependencies = (
				0B5C61242603D3C6005C6FB3 /* PBXTargetDependency */,
			);
			name = iOSPraticalUITests;
			productName = iOSPraticalUITests;
			productReference = 0B5C61222603D3C6005C6FB3 /* iOSPraticalUITests.xctest */;
			productType = "com.apple.product-type.bundle.ui-testing";
		};
/* End PBXNativeTarget section */

/* Begin PBXProject section */
		0B5C60F92603D3C3005C6FB3 /* Project object */ = {
			isa = PBXProject;
			attributes = {
				LastSwiftUpdateCheck = 1230;
				LastUpgradeCheck = 1230;
				TargetAttributes = {
					0B5C61002603D3C3005C6FB3 = {
						CreatedOnToolsVersion = 12.3;
					};
					0B5C61162603D3C6005C6FB3 = {
						CreatedOnToolsVersion = 12.3;
						TestTargetID = 0B5C61002603D3C3005C6FB3;
					};
					0B5C61212603D3C6005C6FB3 = {
						CreatedOnToolsVersion = 12.3;
						TestTargetID = 0B5C61002603D3C3005C6FB3;
					};
				};
			};
			buildConfigurationList = 0B5C60FC2603D3C3005C6FB3 /* Build configuration list for PBXProject "iOSPratical" */;
			compatibilityVersion = "Xcode 9.3";
			developmentRegion = en;
			hasScannedForEncodings = 0;
			knownRegions = (
				en,
				Base,
			);
			mainGroup = 0B5C60F82603D3C3005C6FB3;
			productRefGroup = 0B5C61022603D3C3005C6FB3 /* Products */;
			projectDirPath = "";
			projectRoot = "";
			targets = (
				0B5C61002603D3C3005C6FB3 /* iOSPratical */,
				0B5C61162603D3C6005C6FB3 /* iOSPraticalTests */,
				0B5C61212603D3C6005C6FB3 /* iOSPraticalUITests */,
			);
		};
/* End PBXProject section */

/* Begin PBXResourcesBuildPhase section */
		0B5C60FF2603D3C3005C6FB3 /* Resources */ = {
			isa = PBXResourcesBuildPhase;
			buildActionMask = 2147483647;
			files = (
				0B5C61112603D3C6005C6FB3 /* LaunchScreen.storyboard in Resources */,
				A044397D262A21F2002167DF /* tasks.json in Resources */,
				A03423B2262F2253007A55D6 /* Questions.md in Resources */,
				0B5C610E2603D3C6005C6FB3 /* Assets.xcassets in Resources */,
			);
			runOnlyForDeploymentPostprocessing = 0;
		};
		0B5C61152603D3C6005C6FB3 /* Resources */ = {
			isa = PBXResourcesBuildPhase;
			buildActionMask = 2147483647;
			files = (
			);
			runOnlyForDeploymentPostprocessing = 0;
		};
		0B5C61202603D3C6005C6FB3 /* Resources */ = {
			isa = PBXResourcesBuildPhase;
			buildActionMask = 2147483647;
			files = (
			);
			runOnlyForDeploymentPostprocessing = 0;
		};
/* End PBXResourcesBuildPhase section */

/* Begin PBXShellScriptBuildPhase section */
		06C05403192691E2EBC769F9 /* [CP] Embed Pods Frameworks */ = {
			isa = PBXShellScriptBuildPhase;
			buildActionMask = 2147483647;
			files = (
			);
			inputFileListPaths = (
				"${PODS_ROOT}/Target Support Files/Pods-iOSPratical-iOSPraticalUITests/Pods-iOSPratical-iOSPraticalUITests-frameworks-${CONFIGURATION}-input-files.xcfilelist",
			);
			name = "[CP] Embed Pods Frameworks";
			outputFileListPaths = (
				"${PODS_ROOT}/Target Support Files/Pods-iOSPratical-iOSPraticalUITests/Pods-iOSPratical-iOSPraticalUITests-frameworks-${CONFIGURATION}-output-files.xcfilelist",
			);
			runOnlyForDeploymentPostprocessing = 0;
			shellPath = /bin/sh;
			shellScript = "\"${PODS_ROOT}/Target Support Files/Pods-iOSPratical-iOSPraticalUITests/Pods-iOSPratical-iOSPraticalUITests-frameworks.sh\"\n";
			showEnvVarsInLog = 0;
		};
		0A5EB2950E286AEE1E92A296 /* [CP] Embed Pods Frameworks */ = {
			isa = PBXShellScriptBuildPhase;
			buildActionMask = 2147483647;
			files = (
			);
			inputFileListPaths = (
				"${PODS_ROOT}/Target Support Files/Pods-iOSPratical/Pods-iOSPratical-frameworks-${CONFIGURATION}-input-files.xcfilelist",
			);
			name = "[CP] Embed Pods Frameworks";
			outputFileListPaths = (
				"${PODS_ROOT}/Target Support Files/Pods-iOSPratical/Pods-iOSPratical-frameworks-${CONFIGURATION}-output-files.xcfilelist",
			);
			runOnlyForDeploymentPostprocessing = 0;
			shellPath = /bin/sh;
			shellScript = "\"${PODS_ROOT}/Target Support Files/Pods-iOSPratical/Pods-iOSPratical-frameworks.sh\"\n";
			showEnvVarsInLog = 0;
		};
		824289AC307F6F11E5E22129 /* [CP] Check Pods Manifest.lock */ = {
			isa = PBXShellScriptBuildPhase;
			buildActionMask = 2147483647;
			files = (
			);
			inputFileListPaths = (
			);
			inputPaths = (
				"${PODS_PODFILE_DIR_PATH}/Podfile.lock",
				"${PODS_ROOT}/Manifest.lock",
			);
			name = "[CP] Check Pods Manifest.lock";
			outputFileListPaths = (
			);
			outputPaths = (
				"$(DERIVED_FILE_DIR)/Pods-iOSPratical-checkManifestLockResult.txt",
			);
			runOnlyForDeploymentPostprocessing = 0;
			shellPath = /bin/sh;
			shellScript = "diff \"${PODS_PODFILE_DIR_PATH}/Podfile.lock\" \"${PODS_ROOT}/Manifest.lock\" > /dev/null\nif [ $? != 0 ] ; then\n    # print error to STDERR\n    echo \"error: The sandbox is not in sync with the Podfile.lock. Run 'pod install' or update your CocoaPods installation.\" >&2\n    exit 1\nfi\n# This output is used by Xcode 'outputs' to avoid re-running this script phase.\necho \"SUCCESS\" > \"${SCRIPT_OUTPUT_FILE_0}\"\n";
			showEnvVarsInLog = 0;
		};
		8773F7E8FA09398BDAB072E8 /* [CP] Check Pods Manifest.lock */ = {
			isa = PBXShellScriptBuildPhase;
			buildActionMask = 2147483647;
			files = (
			);
			inputFileListPaths = (
			);
			inputPaths = (
				"${PODS_PODFILE_DIR_PATH}/Podfile.lock",
				"${PODS_ROOT}/Manifest.lock",
			);
			name = "[CP] Check Pods Manifest.lock";
			outputFileListPaths = (
			);
			outputPaths = (
				"$(DERIVED_FILE_DIR)/Pods-iOSPraticalTests-checkManifestLockResult.txt",
			);
			runOnlyForDeploymentPostprocessing = 0;
			shellPath = /bin/sh;
			shellScript = "diff \"${PODS_PODFILE_DIR_PATH}/Podfile.lock\" \"${PODS_ROOT}/Manifest.lock\" > /dev/null\nif [ $? != 0 ] ; then\n    # print error to STDERR\n    echo \"error: The sandbox is not in sync with the Podfile.lock. Run 'pod install' or update your CocoaPods installation.\" >&2\n    exit 1\nfi\n# This output is used by Xcode 'outputs' to avoid re-running this script phase.\necho \"SUCCESS\" > \"${SCRIPT_OUTPUT_FILE_0}\"\n";
			showEnvVarsInLog = 0;
		};
		DB1A46CB794E1A56980FF27F /* [CP] Embed Pods Frameworks */ = {
			isa = PBXShellScriptBuildPhase;
			buildActionMask = 2147483647;
			files = (
			);
			inputFileListPaths = (
				"${PODS_ROOT}/Target Support Files/Pods-iOSPraticalTests/Pods-iOSPraticalTests-frameworks-${CONFIGURATION}-input-files.xcfilelist",
			);
			name = "[CP] Embed Pods Frameworks";
			outputFileListPaths = (
				"${PODS_ROOT}/Target Support Files/Pods-iOSPraticalTests/Pods-iOSPraticalTests-frameworks-${CONFIGURATION}-output-files.xcfilelist",
			);
			runOnlyForDeploymentPostprocessing = 0;
			shellPath = /bin/sh;
			shellScript = "\"${PODS_ROOT}/Target Support Files/Pods-iOSPraticalTests/Pods-iOSPraticalTests-frameworks.sh\"\n";
			showEnvVarsInLog = 0;
		};
		F5014F6A10F48D040C48B618 /* [CP] Check Pods Manifest.lock */ = {
			isa = PBXShellScriptBuildPhase;
			buildActionMask = 2147483647;
			files = (
			);
			inputFileListPaths = (
			);
			inputPaths = (
				"${PODS_PODFILE_DIR_PATH}/Podfile.lock",
				"${PODS_ROOT}/Manifest.lock",
			);
			name = "[CP] Check Pods Manifest.lock";
			outputFileListPaths = (
			);
			outputPaths = (
				"$(DERIVED_FILE_DIR)/Pods-iOSPratical-iOSPraticalUITests-checkManifestLockResult.txt",
			);
			runOnlyForDeploymentPostprocessing = 0;
			shellPath = /bin/sh;
			shellScript = "diff \"${PODS_PODFILE_DIR_PATH}/Podfile.lock\" \"${PODS_ROOT}/Manifest.lock\" > /dev/null\nif [ $? != 0 ] ; then\n    # print error to STDERR\n    echo \"error: The sandbox is not in sync with the Podfile.lock. Run 'pod install' or update your CocoaPods installation.\" >&2\n    exit 1\nfi\n# This output is used by Xcode 'outputs' to avoid re-running this script phase.\necho \"SUCCESS\" > \"${SCRIPT_OUTPUT_FILE_0}\"\n";
			showEnvVarsInLog = 0;
		};
/* End PBXShellScriptBuildPhase section */

/* Begin PBXSourcesBuildPhase section */
		0B5C60FD2603D3C3005C6FB3 /* Sources */ = {
			isa = PBXSourcesBuildPhase;
			buildActionMask = 2147483647;
			files = (
				0B5C61092603D3C3005C6FB3 /* AddTaskViewController.swift in Sources */,
				A053B72A262E192F00114BFA /* TaskListCoordinator.swift in Sources */,
				A053B720262E0F1800114BFA /* Colors.swift in Sources */,
				A03423C6262F38C6007A55D6 /* AddTaskViewModel.swift in Sources */,
				A03423BB262F3871007A55D6 /* AddTaskCoordinator.swift in Sources */,
				0B5C613C2603D46A005C6FB3 /* TaskListViewController.swift in Sources */,
				91ADC5CE26442B7600DEE9F5 /* Typealias.swift in Sources */,
				A0443969262A1CB4002167DF /* TaskListService.swift in Sources */,
				919F1FCF264DAABD0004F5C4 /* TDColors.swift in Sources */,
				35E778C22628C22D000CB434 /* CellViewModel.swift in Sources */,
				0B5DAF54260D0F80006945DD /* TaskTableViewCell.swift in Sources */,
				A053B725262E179900114BFA /* Coordinator.swift in Sources */,
				91F06990263B4FF400B624ED /* TaskListServiceProtocol.swift in Sources */,
				0B5C61052603D3C3005C6FB3 /* AppDelegate.swift in Sources */,
				0B5C61072603D3C3005C6FB3 /* SceneDelegate.swift in Sources */,
				93207FB4261F82EA00178597 /* TaskListViewModel.swift in Sources */,
				93207FB9261F834200178597 /* Task.swift in Sources */,
			);
			runOnlyForDeploymentPostprocessing = 0;
		};
		0B5C61132603D3C6005C6FB3 /* Sources */ = {
			isa = PBXSourcesBuildPhase;
			buildActionMask = 2147483647;
			files = (
				44926BEC26601BBB003B8535 /* TaskListViewModelTests.swift in Sources */,
				0B5C611C2603D3C6005C6FB3 /* iOSPraticalTests.swift in Sources */,
				441DF9132656E35500CE017B /* AddTaskViewModelTests.swift in Sources */,
			);
			runOnlyForDeploymentPostprocessing = 0;
		};
		0B5C611E2603D3C6005C6FB3 /* Sources */ = {
			isa = PBXSourcesBuildPhase;
			buildActionMask = 2147483647;
			files = (
				0B5C61272603D3C7005C6FB3 /* iOSPraticalUITests.swift in Sources */,
			);
			runOnlyForDeploymentPostprocessing = 0;
		};
/* End PBXSourcesBuildPhase section */

/* Begin PBXTargetDependency section */
		0B5C61192603D3C6005C6FB3 /* PBXTargetDependency */ = {
			isa = PBXTargetDependency;
			target = 0B5C61002603D3C3005C6FB3 /* iOSPratical */;
			targetProxy = 0B5C61182603D3C6005C6FB3 /* PBXContainerItemProxy */;
		};
		0B5C61242603D3C6005C6FB3 /* PBXTargetDependency */ = {
			isa = PBXTargetDependency;
			target = 0B5C61002603D3C3005C6FB3 /* iOSPratical */;
			targetProxy = 0B5C61232603D3C6005C6FB3 /* PBXContainerItemProxy */;
		};
/* End PBXTargetDependency section */

/* Begin PBXVariantGroup section */
		0B5C610F2603D3C6005C6FB3 /* LaunchScreen.storyboard */ = {
			isa = PBXVariantGroup;
			children = (
				0B5C61102603D3C6005C6FB3 /* Base */,
			);
			name = LaunchScreen.storyboard;
			sourceTree = "<group>";
		};
/* End PBXVariantGroup section */

/* Begin XCBuildConfiguration section */
		0B5C61292603D3C7005C6FB3 /* Debug */ = {
			isa = XCBuildConfiguration;
			buildSettings = {
				ALWAYS_SEARCH_USER_PATHS = NO;
				CLANG_ANALYZER_NONNULL = YES;
				CLANG_ANALYZER_NUMBER_OBJECT_CONVERSION = YES_AGGRESSIVE;
				CLANG_CXX_LANGUAGE_STANDARD = "gnu++14";
				CLANG_CXX_LIBRARY = "libc++";
				CLANG_ENABLE_MODULES = YES;
				CLANG_ENABLE_OBJC_ARC = YES;
				CLANG_ENABLE_OBJC_WEAK = YES;
				CLANG_WARN_BLOCK_CAPTURE_AUTORELEASING = YES;
				CLANG_WARN_BOOL_CONVERSION = YES;
				CLANG_WARN_COMMA = YES;
				CLANG_WARN_CONSTANT_CONVERSION = YES;
				CLANG_WARN_DEPRECATED_OBJC_IMPLEMENTATIONS = YES;
				CLANG_WARN_DIRECT_OBJC_ISA_USAGE = YES_ERROR;
				CLANG_WARN_DOCUMENTATION_COMMENTS = YES;
				CLANG_WARN_EMPTY_BODY = YES;
				CLANG_WARN_ENUM_CONVERSION = YES;
				CLANG_WARN_INFINITE_RECURSION = YES;
				CLANG_WARN_INT_CONVERSION = YES;
				CLANG_WARN_NON_LITERAL_NULL_CONVERSION = YES;
				CLANG_WARN_OBJC_IMPLICIT_RETAIN_SELF = YES;
				CLANG_WARN_OBJC_LITERAL_CONVERSION = YES;
				CLANG_WARN_OBJC_ROOT_CLASS = YES_ERROR;
				CLANG_WARN_QUOTED_INCLUDE_IN_FRAMEWORK_HEADER = YES;
				CLANG_WARN_RANGE_LOOP_ANALYSIS = YES;
				CLANG_WARN_STRICT_PROTOTYPES = YES;
				CLANG_WARN_SUSPICIOUS_MOVE = YES;
				CLANG_WARN_UNGUARDED_AVAILABILITY = YES_AGGRESSIVE;
				CLANG_WARN_UNREACHABLE_CODE = YES;
				CLANG_WARN__DUPLICATE_METHOD_MATCH = YES;
				COPY_PHASE_STRIP = NO;
				DEBUG_INFORMATION_FORMAT = dwarf;
				ENABLE_STRICT_OBJC_MSGSEND = YES;
				ENABLE_TESTABILITY = YES;
				GCC_C_LANGUAGE_STANDARD = gnu11;
				GCC_DYNAMIC_NO_PIC = NO;
				GCC_NO_COMMON_BLOCKS = YES;
				GCC_OPTIMIZATION_LEVEL = 0;
				GCC_PREPROCESSOR_DEFINITIONS = (
					"DEBUG=1",
					"$(inherited)",
				);
				GCC_WARN_64_TO_32_BIT_CONVERSION = YES;
				GCC_WARN_ABOUT_RETURN_TYPE = YES_ERROR;
				GCC_WARN_UNDECLARED_SELECTOR = YES;
				GCC_WARN_UNINITIALIZED_AUTOS = YES_AGGRESSIVE;
				GCC_WARN_UNUSED_FUNCTION = YES;
				GCC_WARN_UNUSED_VARIABLE = YES;
				IPHONEOS_DEPLOYMENT_TARGET = 14.3;
				MTL_ENABLE_DEBUG_INFO = INCLUDE_SOURCE;
				MTL_FAST_MATH = YES;
				ONLY_ACTIVE_ARCH = YES;
				SDKROOT = iphoneos;
				SWIFT_ACTIVE_COMPILATION_CONDITIONS = DEBUG;
				SWIFT_OPTIMIZATION_LEVEL = "-Onone";
			};
			name = Debug;
		};
		0B5C612A2603D3C7005C6FB3 /* Release */ = {
			isa = XCBuildConfiguration;
			buildSettings = {
				ALWAYS_SEARCH_USER_PATHS = NO;
				CLANG_ANALYZER_NONNULL = YES;
				CLANG_ANALYZER_NUMBER_OBJECT_CONVERSION = YES_AGGRESSIVE;
				CLANG_CXX_LANGUAGE_STANDARD = "gnu++14";
				CLANG_CXX_LIBRARY = "libc++";
				CLANG_ENABLE_MODULES = YES;
				CLANG_ENABLE_OBJC_ARC = YES;
				CLANG_ENABLE_OBJC_WEAK = YES;
				CLANG_WARN_BLOCK_CAPTURE_AUTORELEASING = YES;
				CLANG_WARN_BOOL_CONVERSION = YES;
				CLANG_WARN_COMMA = YES;
				CLANG_WARN_CONSTANT_CONVERSION = YES;
				CLANG_WARN_DEPRECATED_OBJC_IMPLEMENTATIONS = YES;
				CLANG_WARN_DIRECT_OBJC_ISA_USAGE = YES_ERROR;
				CLANG_WARN_DOCUMENTATION_COMMENTS = YES;
				CLANG_WARN_EMPTY_BODY = YES;
				CLANG_WARN_ENUM_CONVERSION = YES;
				CLANG_WARN_INFINITE_RECURSION = YES;
				CLANG_WARN_INT_CONVERSION = YES;
				CLANG_WARN_NON_LITERAL_NULL_CONVERSION = YES;
				CLANG_WARN_OBJC_IMPLICIT_RETAIN_SELF = YES;
				CLANG_WARN_OBJC_LITERAL_CONVERSION = YES;
				CLANG_WARN_OBJC_ROOT_CLASS = YES_ERROR;
				CLANG_WARN_QUOTED_INCLUDE_IN_FRAMEWORK_HEADER = YES;
				CLANG_WARN_RANGE_LOOP_ANALYSIS = YES;
				CLANG_WARN_STRICT_PROTOTYPES = YES;
				CLANG_WARN_SUSPICIOUS_MOVE = YES;
				CLANG_WARN_UNGUARDED_AVAILABILITY = YES_AGGRESSIVE;
				CLANG_WARN_UNREACHABLE_CODE = YES;
				CLANG_WARN__DUPLICATE_METHOD_MATCH = YES;
				COPY_PHASE_STRIP = NO;
				DEBUG_INFORMATION_FORMAT = "dwarf-with-dsym";
				ENABLE_NS_ASSERTIONS = NO;
				ENABLE_STRICT_OBJC_MSGSEND = YES;
				GCC_C_LANGUAGE_STANDARD = gnu11;
				GCC_NO_COMMON_BLOCKS = YES;
				GCC_WARN_64_TO_32_BIT_CONVERSION = YES;
				GCC_WARN_ABOUT_RETURN_TYPE = YES_ERROR;
				GCC_WARN_UNDECLARED_SELECTOR = YES;
				GCC_WARN_UNINITIALIZED_AUTOS = YES_AGGRESSIVE;
				GCC_WARN_UNUSED_FUNCTION = YES;
				GCC_WARN_UNUSED_VARIABLE = YES;
				IPHONEOS_DEPLOYMENT_TARGET = 14.3;
				MTL_ENABLE_DEBUG_INFO = NO;
				MTL_FAST_MATH = YES;
				SDKROOT = iphoneos;
				SWIFT_COMPILATION_MODE = wholemodule;
				SWIFT_OPTIMIZATION_LEVEL = "-O";
				VALIDATE_PRODUCT = YES;
			};
			name = Release;
		};
		0B5C612C2603D3C7005C6FB3 /* Debug */ = {
			isa = XCBuildConfiguration;
			baseConfigurationReference = 048481250DD1ED4C282DCECD /* Pods-iOSPratical.debug.xcconfig */;
			buildSettings = {
				ASSETCATALOG_COMPILER_APPICON_NAME = AppIcon;
				ASSETCATALOG_COMPILER_GLOBAL_ACCENT_COLOR_NAME = AccentColor;
				CODE_SIGN_STYLE = Automatic;
				INFOPLIST_FILE = iOSPratical/Info.plist;
				LD_RUNPATH_SEARCH_PATHS = (
					"$(inherited)",
					"@executable_path/Frameworks",
				);
				PRODUCT_BUNDLE_IDENTIFIER = sicredi.iOSPratical;
				PRODUCT_NAME = "$(TARGET_NAME)";
				SWIFT_VERSION = 5.0;
				TARGETED_DEVICE_FAMILY = "1,2";
			};
			name = Debug;
		};
		0B5C612D2603D3C7005C6FB3 /* Release */ = {
			isa = XCBuildConfiguration;
			baseConfigurationReference = A0DF54392F5B5B1D2DAF7007 /* Pods-iOSPratical.release.xcconfig */;
			buildSettings = {
				ASSETCATALOG_COMPILER_APPICON_NAME = AppIcon;
				ASSETCATALOG_COMPILER_GLOBAL_ACCENT_COLOR_NAME = AccentColor;
				CODE_SIGN_STYLE = Automatic;
				INFOPLIST_FILE = iOSPratical/Info.plist;
				LD_RUNPATH_SEARCH_PATHS = (
					"$(inherited)",
					"@executable_path/Frameworks",
				);
				PRODUCT_BUNDLE_IDENTIFIER = sicredi.iOSPratical;
				PRODUCT_NAME = "$(TARGET_NAME)";
				SWIFT_VERSION = 5.0;
				TARGETED_DEVICE_FAMILY = "1,2";
			};
			name = Release;
		};
		0B5C612F2603D3C7005C6FB3 /* Debug */ = {
			isa = XCBuildConfiguration;
			baseConfigurationReference = 026DB01AC99AB437C43C7E63 /* Pods-iOSPraticalTests.debug.xcconfig */;
			buildSettings = {
				ALWAYS_EMBED_SWIFT_STANDARD_LIBRARIES = YES;
				BUNDLE_LOADER = "$(TEST_HOST)";
				CODE_SIGN_STYLE = Automatic;
				INFOPLIST_FILE = iOSPraticalTests/Info.plist;
				IPHONEOS_DEPLOYMENT_TARGET = 14.3;
				LD_RUNPATH_SEARCH_PATHS = (
					"$(inherited)",
					"@executable_path/Frameworks",
					"@loader_path/Frameworks",
				);
				PRODUCT_BUNDLE_IDENTIFIER = sicredi.iOSPraticalTests;
				PRODUCT_NAME = "$(TARGET_NAME)";
				SWIFT_VERSION = 5.0;
				TARGETED_DEVICE_FAMILY = "1,2";
				TEST_HOST = "$(BUILT_PRODUCTS_DIR)/iOSPratical.app/iOSPratical";
			};
			name = Debug;
		};
		0B5C61302603D3C7005C6FB3 /* Release */ = {
			isa = XCBuildConfiguration;
			baseConfigurationReference = 3A33A75241E9F15F2A7BD14B /* Pods-iOSPraticalTests.release.xcconfig */;
			buildSettings = {
				ALWAYS_EMBED_SWIFT_STANDARD_LIBRARIES = YES;
				BUNDLE_LOADER = "$(TEST_HOST)";
				CODE_SIGN_STYLE = Automatic;
				INFOPLIST_FILE = iOSPraticalTests/Info.plist;
				IPHONEOS_DEPLOYMENT_TARGET = 14.3;
				LD_RUNPATH_SEARCH_PATHS = (
					"$(inherited)",
					"@executable_path/Frameworks",
					"@loader_path/Frameworks",
				);
				PRODUCT_BUNDLE_IDENTIFIER = sicredi.iOSPraticalTests;
				PRODUCT_NAME = "$(TARGET_NAME)";
				SWIFT_VERSION = 5.0;
				TARGETED_DEVICE_FAMILY = "1,2";
				TEST_HOST = "$(BUILT_PRODUCTS_DIR)/iOSPratical.app/iOSPratical";
			};
			name = Release;
		};
		0B5C61322603D3C7005C6FB3 /* Debug */ = {
			isa = XCBuildConfiguration;
			baseConfigurationReference = 06DE4555625C7B2D189C3F29 /* Pods-iOSPratical-iOSPraticalUITests.debug.xcconfig */;
			buildSettings = {
				ALWAYS_EMBED_SWIFT_STANDARD_LIBRARIES = YES;
				CODE_SIGN_STYLE = Automatic;
				INFOPLIST_FILE = iOSPraticalUITests/Info.plist;
				LD_RUNPATH_SEARCH_PATHS = (
					"$(inherited)",
					"@executable_path/Frameworks",
					"@loader_path/Frameworks",
				);
				PRODUCT_BUNDLE_IDENTIFIER = sicredi.iOSPraticalUITests;
				PRODUCT_NAME = "$(TARGET_NAME)";
				SWIFT_VERSION = 5.0;
				TARGETED_DEVICE_FAMILY = "1,2";
				TEST_TARGET_NAME = iOSPratical;
			};
			name = Debug;
		};
		0B5C61332603D3C7005C6FB3 /* Release */ = {
			isa = XCBuildConfiguration;
			baseConfigurationReference = 7274A32C4AE42F14EFC3DEDF /* Pods-iOSPratical-iOSPraticalUITests.release.xcconfig */;
			buildSettings = {
				ALWAYS_EMBED_SWIFT_STANDARD_LIBRARIES = YES;
				CODE_SIGN_STYLE = Automatic;
				INFOPLIST_FILE = iOSPraticalUITests/Info.plist;
				LD_RUNPATH_SEARCH_PATHS = (
					"$(inherited)",
					"@executable_path/Frameworks",
					"@loader_path/Frameworks",
				);
				PRODUCT_BUNDLE_IDENTIFIER = sicredi.iOSPraticalUITests;
				PRODUCT_NAME = "$(TARGET_NAME)";
				SWIFT_VERSION = 5.0;
				TARGETED_DEVICE_FAMILY = "1,2";
				TEST_TARGET_NAME = iOSPratical;
			};
			name = Release;
		};
/* End XCBuildConfiguration section */

/* Begin XCConfigurationList section */
		0B5C60FC2603D3C3005C6FB3 /* Build configuration list for PBXProject "iOSPratical" */ = {
			isa = XCConfigurationList;
			buildConfigurations = (
				0B5C61292603D3C7005C6FB3 /* Debug */,
				0B5C612A2603D3C7005C6FB3 /* Release */,
			);
			defaultConfigurationIsVisible = 0;
			defaultConfigurationName = Release;
		};
		0B5C612B2603D3C7005C6FB3 /* Build configuration list for PBXNativeTarget "iOSPratical" */ = {
			isa = XCConfigurationList;
			buildConfigurations = (
				0B5C612C2603D3C7005C6FB3 /* Debug */,
				0B5C612D2603D3C7005C6FB3 /* Release */,
			);
			defaultConfigurationIsVisible = 0;
			defaultConfigurationName = Release;
		};
		0B5C612E2603D3C7005C6FB3 /* Build configuration list for PBXNativeTarget "iOSPraticalTests" */ = {
			isa = XCConfigurationList;
			buildConfigurations = (
				0B5C612F2603D3C7005C6FB3 /* Debug */,
				0B5C61302603D3C7005C6FB3 /* Release */,
			);
			defaultConfigurationIsVisible = 0;
			defaultConfigurationName = Release;
		};
		0B5C61312603D3C7005C6FB3 /* Build configuration list for PBXNativeTarget "iOSPraticalUITests" */ = {
			isa = XCConfigurationList;
			buildConfigurations = (
				0B5C61322603D3C7005C6FB3 /* Debug */,
				0B5C61332603D3C7005C6FB3 /* Release */,
			);
			defaultConfigurationIsVisible = 0;
			defaultConfigurationName = Release;
		};
/* End XCConfigurationList section */
	};
	rootObject = 0B5C60F92603D3C3005C6FB3 /* Project object */;
}
